# Lockfile v4
# This file is automatically generated by Wapm.
# It is not intended for manual editing. The schema of this file may change.
[modules."_/quickjs"."0.0.3".quickjs]
name = "quickjs"
package_version = "0.0.3"
package_name = "_/quickjs"
package_path = "_/quickjs@0.0.3"
resolved = "https://registry-cdn.wapm.io/packages/_/quickjs/quickjs-0.0.3.tar.gz"
resolved_source = "registry+quickjs"
abi = "wasi"
source = "build/qjs.wasm"
[commands.qjs]
name = "qjs"
package_name = "_/quickjs"
package_version = "0.0.3"
module = "quickjs"
is_top_level_dependency = true

[commands.quickjs]
name = "quickjs"
package_name = "_/quickjs"
package_version = "0.0.3"
module = "quickjs"
is_top_level_dependency = true
